
Microsoft Visual Studio Solution File, Format Version 12.00
# Visual Studio Version 17
VisualStudioVersion = 17.4.32804.182
MinimumVisualStudioVersion = 10.0.40219.1
Project("{FAE04EC0-301F-11D3-BF4B-00C04F79EFBC}") = "RealAssignment8", "RealAssignment8\RealAssignment8.csproj", "{4B205E5A-329E-441E-BE3E-FFB3C75E2DF9}"
EndProject
Global
	GlobalSection(SolutionConfigurationPlatforms) = preSolution
		Debug|Any CPU = Debug|Any CPU
		Release|Any CPU = Release|Any CPU
	EndGlobalSection
	GlobalSection(ProjectConfigurationPlatforms) = postSolution
		{4B205E5A-329E-441E-BE3E-FFB3C75E2DF9}.Debug|Any CPU.ActiveCfg = Debug|Any CPU
		{4B205E5A-329E-441E-BE3E-FFB3C75E2DF9}.Debug|Any CPU.Build.0 = Debug|Any CPU
		{4B205E5A-329E-441E-BE3E-FFB3C75E2DF9}.Release|Any CPU.ActiveCfg = Release|Any CPU
		{4B205E5A-329E-441E-BE3E-FFB3C75E2DF9}.Release|Any CPU.Build.0 = Release|Any CPU
	EndGlobalSection
	GlobalSection(SolutionProperties) = preSolution
		HideSolutionNode = FALSE
	EndGlobalSection
	GlobalSection(ExtensibilityGlobals) = postSolution
		SolutionGuid = {3E66E77F-BA45-4152-9EE8-F328A77AC035}
	EndGlobalSection
EndGlobal
